
Microsoft Visual Studio Solution File, Format Version 12.00
# Visual Studio Version 17
VisualStudioVersion = 17.4.33213.308
MinimumVisualStudioVersion = 10.0.40219.1
Project("{FAE04EC0-301F-11D3-BF4B-00C04F79EFBC}") = "E_Chikitsa_Api", "E_Chikitsa_Api\E_Chikitsa_Api.csproj", "{1C2433F8-C5D3-4CD5-A31D-AE92D3A1E76B}"
EndProject
Project("{FAE04EC0-301F-11D3-BF4B-00C04F79EFBC}") = "E_Chikitsa_Interfaces", "E_Chikitsa_Interfaces\E_Chikitsa_Interfaces.csproj", "{36DB19C3-36EE-4363-A055-760E1CC5F3EE}"
EndProject
Project("{FAE04EC0-301F-11D3-BF4B-00C04F79EFBC}") = "E_Chikitsa_Utility", "E_Chikitsa_Utility\E_Chikitsa_Utility.csproj", "{03CDD3DF-EC1E-4DE3-8260-4C8BDF4A903E}"
EndProject
Project("{FAE04EC0-301F-11D3-BF4B-00C04F79EFBC}") = "E_Chikitsa_Repositories", "E_Chikitsa_Repositories\E_Chikitsa_Repositories.csproj", "{4E379B41-5C95-4055-A922-B574D5DBE81B}"
EndProject
Project("{FAE04EC0-301F-11D3-BF4B-00C04F79EFBC}") = "E_Chikitsa_ViewModels", "E_Chikitsa_ViewModels\E_Chikitsa_ViewModels.csproj", "{A646D6C0-EDD9-4C02-9A49-28CB94B43C85}"
EndProject
Project("{FAE04EC0-301F-11D3-BF4B-00C04F79EFBC}") = "E_Chikitsa_DBConfiguration", "E_Chikitsa_DBConfiguration\E_Chikitsa_DBConfiguration.csproj", "{6373270E-69C4-4999-AB51-DE81320E41C4}"
EndProject
Global
	GlobalSection(SolutionConfigurationPlatforms) = preSolution
		Debug|Any CPU = Debug|Any CPU
		Release|Any CPU = Release|Any CPU
	EndGlobalSection
	GlobalSection(ProjectConfigurationPlatforms) = postSolution
		{1C2433F8-C5D3-4CD5-A31D-AE92D3A1E76B}.Debug|Any CPU.ActiveCfg = Debug|Any CPU
		{1C2433F8-C5D3-4CD5-A31D-AE92D3A1E76B}.Debug|Any CPU.Build.0 = Debug|Any CPU
		{1C2433F8-C5D3-4CD5-A31D-AE92D3A1E76B}.Release|Any CPU.ActiveCfg = Release|Any CPU
		{1C2433F8-C5D3-4CD5-A31D-AE92D3A1E76B}.Release|Any CPU.Build.0 = Release|Any CPU
		{36DB19C3-36EE-4363-A055-760E1CC5F3EE}.Debug|Any CPU.ActiveCfg = Debug|Any CPU
		{36DB19C3-36EE-4363-A055-760E1CC5F3EE}.Debug|Any CPU.Build.0 = Debug|Any CPU
		{36DB19C3-36EE-4363-A055-760E1CC5F3EE}.Release|Any CPU.ActiveCfg = Release|Any CPU
		{36DB19C3-36EE-4363-A055-760E1CC5F3EE}.Release|Any CPU.Build.0 = Release|Any CPU
		{03CDD3DF-EC1E-4DE3-8260-4C8BDF4A903E}.Debug|Any CPU.ActiveCfg = Debug|Any CPU
		{03CDD3DF-EC1E-4DE3-8260-4C8BDF4A903E}.Debug|Any CPU.Build.0 = Debug|Any CPU
		{03CDD3DF-EC1E-4DE3-8260-4C8BDF4A903E}.Release|Any CPU.ActiveCfg = Release|Any CPU
		{03CDD3DF-EC1E-4DE3-8260-4C8BDF4A903E}.Release|Any CPU.Build.0 = Release|Any CPU
		{4E379B41-5C95-4055-A922-B574D5DBE81B}.Debug|Any CPU.ActiveCfg = Debug|Any CPU
		{4E379B41-5C95-4055-A922-B574D5DBE81B}.Debug|Any CPU.Build.0 = Debug|Any CPU
		{4E379B41-5C95-4055-A922-B574D5DBE81B}.Release|Any CPU.ActiveCfg = Release|Any CPU
		{4E379B41-5C95-4055-A922-B574D5DBE81B}.Release|Any CPU.Build.0 = Release|Any CPU
		{A646D6C0-EDD9-4C02-9A49-28CB94B43C85}.Debug|Any CPU.ActiveCfg = Debug|Any CPU
		{A646D6C0-EDD9-4C02-9A49-28CB94B43C85}.Debug|Any CPU.Build.0 = Debug|Any CPU
		{A646D6C0-EDD9-4C02-9A49-28CB94B43C85}.Release|Any CPU.ActiveCfg = Release|Any CPU
		{A646D6C0-EDD9-4C02-9A49-28CB94B43C85}.Release|Any CPU.Build.0 = Release|Any CPU
		{6373270E-69C4-4999-AB51-DE81320E41C4}.Debug|Any CPU.ActiveCfg = Debug|Any CPU
		{6373270E-69C4-4999-AB51-DE81320E41C4}.Debug|Any CPU.Build.0 = Debug|Any CPU
		{6373270E-69C4-4999-AB51-DE81320E41C4}.Release|Any CPU.ActiveCfg = Release|Any CPU
		{6373270E-69C4-4999-AB51-DE81320E41C4}.Release|Any CPU.Build.0 = Release|Any CPU
	EndGlobalSection
	GlobalSection(SolutionProperties) = preSolution
		HideSolutionNode = FALSE
	EndGlobalSection
	GlobalSection(ExtensibilityGlobals) = postSolution
		SolutionGuid = {10C83CB0-8B6C-4597-A86B-CAD371410FA2}
	EndGlobalSection
EndGlobal
